// !$*UTF8*$!
{
	archiveVersion = 1;
	classes = {
	};
	objectVersion = 46;
	objects = {

/* Begin PBXBuildFile section */
		A934CDFD1A93E79400008D8F /* main.m in Sources */ = {isa = PBXBuildFile; fileRef = A934CDFC1A93E79400008D8F /* main.m */; };
		A934CE001A93E79400008D8F /* AppDelegate.m in Sources */ = {isa = PBXBuildFile; fileRef = A934CDFF1A93E79400008D8F /* AppDelegate.m */; };
		A934CE031A93E79400008D8F /* crowdlink.xcdatamodeld in Sources */ = {isa = PBXBuildFile; fileRef = A934CE011A93E79400008D8F /* crowdlink.xcdatamodeld */; };
		A934CE061A93E79400008D8F /* ViewController.m in Sources */ = {isa = PBXBuildFile; fileRef = A934CE051A93E79400008D8F /* ViewController.m */; };
		A934CE091A93E79400008D8F /* Main.storyboard in Resources */ = {isa = PBXBuildFile; fileRef = A934CE071A93E79400008D8F /* Main.storyboard */; };
		A934CE0B1A93E79400008D8F /* Images.xcassets in Resources */ = {isa = PBXBuildFile; fileRef = A934CE0A1A93E79400008D8F /* Images.xcassets */; };
		A934CE0E1A93E79400008D8F /* LaunchScreen.xib in Resources */ = {isa = PBXBuildFile; fileRef = A934CE0C1A93E79400008D8F /* LaunchScreen.xib */; };
		A934CE1A1A93E79400008D8F /* crowdlinkTests.m in Sources */ = {isa = PBXBuildFile; fileRef = A934CE191A93E79400008D8F /* crowdlinkTests.m */; };
		A934CE241A93EAD800008D8F /* CoreLocation.framework in Frameworks */ = {isa = PBXBuildFile; fileRef = A934CE231A93EAD800008D8F /* CoreLocation.framework */; };
		A934CE271A93EB1400008D8F /* FacebookSDK.framework in Frameworks */ = {isa = PBXBuildFile; fileRef = A934CE261A93EB1400008D8F /* FacebookSDK.framework */; };
		A934CE2C1A93EC7700008D8F /* LoginViewController.m in Sources */ = {isa = PBXBuildFile; fileRef = A934CE2A1A93EC7700008D8F /* LoginViewController.m */; };
		A934CE2D1A93EC7700008D8F /* LoginViewController.xib in Resources */ = {isa = PBXBuildFile; fileRef = A934CE2B1A93EC7700008D8F /* LoginViewController.xib */; };
		A934CE311A93F3D700008D8F /* FriendsTableViewController.m in Sources */ = {isa = PBXBuildFile; fileRef = A934CE2F1A93F3D700008D8F /* FriendsTableViewController.m */; };
		A934CE321A93F3D700008D8F /* FriendsTableViewController.xib in Resources */ = {isa = PBXBuildFile; fileRef = A934CE301A93F3D700008D8F /* FriendsTableViewController.xib */; };
		A934CE351A93F6F100008D8F /* conference-32.png in Resources */ = {isa = PBXBuildFile; fileRef = A934CE341A93F6F100008D8F /* conference-32.png */; };
		A934CE381A94130400008D8F /* SystemConfiguration.framework in Frameworks */ = {isa = PBXBuildFile; fileRef = A934CE371A94130400008D8F /* SystemConfiguration.framework */; };
		A934CE3C1A94139200008D8F /* Reachability.m in Sources */ = {isa = PBXBuildFile; fileRef = A934CE3B1A94139200008D8F /* Reachability.m */; };
		A934CE401A941A7B00008D8F /* SettingsTableViewController.m in Sources */ = {isa = PBXBuildFile; fileRef = A934CE3E1A941A7B00008D8F /* SettingsTableViewController.m */; };
		A934CE411A941A7B00008D8F /* SettingsTableViewController.xib in Resources */ = {isa = PBXBuildFile; fileRef = A934CE3F1A941A7B00008D8F /* SettingsTableViewController.xib */; };
		A934CE431A941D5400008D8F /* settings3-32.png in Resources */ = {isa = PBXBuildFile; fileRef = A934CE421A941D5400008D8F /* settings3-32.png */; };
		A934CE471A94269B00008D8F /* SettingsTableViewCell.m in Sources */ = {isa = PBXBuildFile; fileRef = A934CE451A94269B00008D8F /* SettingsTableViewCell.m */; };
		A934CE481A94269B00008D8F /* SettingsTableViewCell.xib in Resources */ = {isa = PBXBuildFile; fileRef = A934CE461A94269B00008D8F /* SettingsTableViewCell.xib */; };
		A934CE4A1A94540500008D8F /* FB-f-Logo__blue_29.png in Resources */ = {isa = PBXBuildFile; fileRef = A934CE491A94540500008D8F /* FB-f-Logo__blue_29.png */; };
		A934CE4C1A94543200008D8F /* FB-f-Logo__blue_50.png in Resources */ = {isa = PBXBuildFile; fileRef = A934CE4B1A94543200008D8F /* FB-f-Logo__blue_50.png */; };
		A9891A591A9AC291001E6390 /* BeaconGrid.m in Sources */ = {isa = PBXBuildFile; fileRef = A9891A581A9AC291001E6390 /* BeaconGrid.m */; };
		A9A410D91A9560910006C07A /* FriendsTableViewCell.m in Sources */ = {isa = PBXBuildFile; fileRef = A9A410D71A9560910006C07A /* FriendsTableViewCell.m */; };
		A9A410DA1A9560910006C07A /* FriendsTableViewCell.xib in Resources */ = {isa = PBXBuildFile; fileRef = A9A410D81A9560910006C07A /* FriendsTableViewCell.xib */; };
		A9A4D1C71A9669D000DD1ABA /* AppSharedModel.m in Sources */ = {isa = PBXBuildFile; fileRef = A9A4D1C61A9669D000DD1ABA /* AppSharedModel.m */; };
		A9A4D1CA1A96A1FF00DD1ABA /* Friend.m in Sources */ = {isa = PBXBuildFile; fileRef = A9A4D1C91A96A1FF00DD1ABA /* Friend.m */; };
		A9A4D1CC1A96AA4A00DD1ABA /* forward-32.png in Resources */ = {isa = PBXBuildFile; fileRef = A9A4D1CB1A96AA4A00DD1ABA /* forward-32.png */; };
		A9A4D1D01A96AB0F00DD1ABA /* FriendDetailViewController.m in Sources */ = {isa = PBXBuildFile; fileRef = A9A4D1CE1A96AB0F00DD1ABA /* FriendDetailViewController.m */; };
		A9A4D1D11A96AB0F00DD1ABA /* FriendDetailViewController.xib in Resources */ = {isa = PBXBuildFile; fileRef = A9A4D1CF1A96AB0F00DD1ABA /* FriendDetailViewController.xib */; };
		A9C61FBD1A9813B000C41477 /* MultiplePulsingHaloLayer.m in Sources */ = {isa = PBXBuildFile; fileRef = A9C61FBA1A9813B000C41477 /* MultiplePulsingHaloLayer.m */; };
		A9C61FBE1A9813B000C41477 /* PulsingHaloLayer.m in Sources */ = {isa = PBXBuildFile; fileRef = A9C61FBC1A9813B000C41477 /* PulsingHaloLayer.m */; };
		A9C61FC01A981C2C00C41477 /* QuartzCore.framework in Frameworks */ = {isa = PBXBuildFile; fileRef = A9C61FBF1A981C2C00C41477 /* QuartzCore.framework */; };
		A9C61FC21A981C7800C41477 /* CoreGraphics.framework in Frameworks */ = {isa = PBXBuildFile; fileRef = A9C61FC11A981C7800C41477 /* CoreGraphics.framework */; };
		A9C61FC41A981C8200C41477 /* UIKit.framework in Frameworks */ = {isa = PBXBuildFile; fileRef = A9C61FC31A981C8200C41477 /* UIKit.framework */; };
		A9C61FC71A9901D400C41477 /* Foundation.framework in Frameworks */ = {isa = PBXBuildFile; fileRef = A9C61FC61A9901D400C41477 /* Foundation.framework */; };
		A9C61FCA1A9919A400C41477 /* FlashingDot.m in Sources */ = {isa = PBXBuildFile; fileRef = A9C61FC91A9919A400C41477 /* FlashingDot.m */; };
/* End PBXBuildFile section */

/* Begin PBXContainerItemProxy section */
		A934CE141A93E79400008D8F /* PBXContainerItemProxy */ = {
			isa = PBXContainerItemProxy;
			containerPortal = A934CDEF1A93E79400008D8F /* Project object */;
			proxyType = 1;
			remoteGlobalIDString = A934CDF61A93E79400008D8F;
			remoteInfo = crowdlink;
		};
/* End PBXContainerItemProxy section */

/* Begin PBXFileReference section */
		A934CDF71A93E79400008D8F /* crowdlink.app */ = {isa = PBXFileReference; explicitFileType = wrapper.application; includeInIndex = 0; path = crowdlink.app; sourceTree = BUILT_PRODUCTS_DIR; };
		A934CDFB1A93E79400008D8F /* Info.plist */ = {isa = PBXFileReference; lastKnownFileType = text.plist.xml; path = Info.plist; sourceTree = "<group>"; };
		A934CDFC1A93E79400008D8F /* main.m */ = {isa = PBXFileReference; lastKnownFileType = sourcecode.c.objc; path = main.m; sourceTree = "<group>"; };
		A934CDFE1A93E79400008D8F /* AppDelegate.h */ = {isa = PBXFileReference; lastKnownFileType = sourcecode.c.h; path = AppDelegate.h; sourceTree = "<group>"; };
		A934CDFF1A93E79400008D8F /* AppDelegate.m */ = {isa = PBXFileReference; lastKnownFileType = sourcecode.c.objc; path = AppDelegate.m; sourceTree = "<group>"; };
		A934CE021A93E79400008D8F /* crowdlink.xcdatamodel */ = {isa = PBXFileReference; lastKnownFileType = wrapper.xcdatamodel; path = crowdlink.xcdatamodel; sourceTree = "<group>"; };
		A934CE041A93E79400008D8F /* ViewController.h */ = {isa = PBXFileReference; lastKnownFileType = sourcecode.c.h; path = ViewController.h; sourceTree = "<group>"; };
		A934CE051A93E79400008D8F /* ViewController.m */ = {isa = PBXFileReference; lastKnownFileType = sourcecode.c.objc; path = ViewController.m; sourceTree = "<group>"; };
		A934CE081A93E79400008D8F /* Base */ = {isa = PBXFileReference; lastKnownFileType = file.storyboard; name = Base; path = Base.lproj/Main.storyboard; sourceTree = "<group>"; };
		A934CE0A1A93E79400008D8F /* Images.xcassets */ = {isa = PBXFileReference; lastKnownFileType = folder.assetcatalog; path = Images.xcassets; sourceTree = "<group>"; };
		A934CE0D1A93E79400008D8F /* Base */ = {isa = PBXFileReference; lastKnownFileType = file.xib; name = Base; path = Base.lproj/LaunchScreen.xib; sourceTree = "<group>"; };
		A934CE131A93E79400008D8F /* crowdlinkTests.xctest */ = {isa = PBXFileReference; explicitFileType = wrapper.cfbundle; includeInIndex = 0; path = crowdlinkTests.xctest; sourceTree = BUILT_PRODUCTS_DIR; };
		A934CE181A93E79400008D8F /* Info.plist */ = {isa = PBXFileReference; lastKnownFileType = text.plist.xml; path = Info.plist; sourceTree = "<group>"; };
		A934CE191A93E79400008D8F /* crowdlinkTests.m */ = {isa = PBXFileReference; lastKnownFileType = sourcecode.c.objc; path = crowdlinkTests.m; sourceTree = "<group>"; };
		A934CE231A93EAD800008D8F /* CoreLocation.framework */ = {isa = PBXFileReference; lastKnownFileType = wrapper.framework; name = CoreLocation.framework; path = System/Library/Frameworks/CoreLocation.framework; sourceTree = SDKROOT; };
		A934CE261A93EB1400008D8F /* FacebookSDK.framework */ = {isa = PBXFileReference; lastKnownFileType = wrapper.framework; name = FacebookSDK.framework; path = ../../FacebookSDK/FacebookSDK.framework; sourceTree = "<group>"; };
		A934CE291A93EC7700008D8F /* LoginViewController.h */ = {isa = PBXFileReference; fileEncoding = 4; lastKnownFileType = sourcecode.c.h; path = LoginViewController.h; sourceTree = "<group>"; };
		A934CE2A1A93EC7700008D8F /* LoginViewController.m */ = {isa = PBXFileReference; fileEncoding = 4; lastKnownFileType = sourcecode.c.objc; path = LoginViewController.m; sourceTree = "<group>"; };
		A934CE2B1A93EC7700008D8F /* LoginViewController.xib */ = {isa = PBXFileReference; fileEncoding = 4; lastKnownFileType = file.xib; path = LoginViewController.xib; sourceTree = "<group>"; };
		A934CE2E1A93F3D700008D8F /* FriendsTableViewController.h */ = {isa = PBXFileReference; fileEncoding = 4; lastKnownFileType = sourcecode.c.h; path = FriendsTableViewController.h; sourceTree = "<group>"; };
		A934CE2F1A93F3D700008D8F /* FriendsTableViewController.m */ = {isa = PBXFileReference; fileEncoding = 4; lastKnownFileType = sourcecode.c.objc; path = FriendsTableViewController.m; sourceTree = "<group>"; };
		A934CE301A93F3D700008D8F /* FriendsTableViewController.xib */ = {isa = PBXFileReference; fileEncoding = 4; lastKnownFileType = file.xib; path = FriendsTableViewController.xib; sourceTree = "<group>"; };
		A934CE341A93F6F100008D8F /* conference-32.png */ = {isa = PBXFileReference; lastKnownFileType = image.png; name = "conference-32.png"; path = "../icons/iOS7_icons_free/PNG/32/Users/conference-32.png"; sourceTree = "<group>"; };
		A934CE361A93F96500008D8F /* Constants.h */ = {isa = PBXFileReference; lastKnownFileType = sourcecode.c.h; path = Constants.h; sourceTree = SOURCE_ROOT; };
		A934CE371A94130400008D8F /* SystemConfiguration.framework */ = {isa = PBXFileReference; lastKnownFileType = wrapper.framework; name = SystemConfiguration.framework; path = System/Library/Frameworks/SystemConfiguration.framework; sourceTree = SDKROOT; };
		A934CE3A1A94139200008D8F /* Reachability.h */ = {isa = PBXFileReference; fileEncoding = 4; lastKnownFileType = sourcecode.c.h; path = Reachability.h; sourceTree = "<group>"; };
		A934CE3B1A94139200008D8F /* Reachability.m */ = {isa = PBXFileReference; fileEncoding = 4; lastKnownFileType = sourcecode.c.objc; path = Reachability.m; sourceTree = "<group>"; };
		A934CE3D1A941A7B00008D8F /* SettingsTableViewController.h */ = {isa = PBXFileReference; fileEncoding = 4; lastKnownFileType = sourcecode.c.h; path = SettingsTableViewController.h; sourceTree = "<group>"; };
		A934CE3E1A941A7B00008D8F /* SettingsTableViewController.m */ = {isa = PBXFileReference; fileEncoding = 4; lastKnownFileType = sourcecode.c.objc; path = SettingsTableViewController.m; sourceTree = "<group>"; };
		A934CE3F1A941A7B00008D8F /* SettingsTableViewController.xib */ = {isa = PBXFileReference; fileEncoding = 4; lastKnownFileType = file.xib; path = SettingsTableViewController.xib; sourceTree = "<group>"; };
		A934CE421A941D5400008D8F /* settings3-32.png */ = {isa = PBXFileReference; lastKnownFileType = image.png; path = "settings3-32.png"; sourceTree = "<group>"; };
		A934CE441A94269B00008D8F /* SettingsTableViewCell.h */ = {isa = PBXFileReference; fileEncoding = 4; lastKnownFileType = sourcecode.c.h; path = SettingsTableViewCell.h; sourceTree = "<group>"; };
		A934CE451A94269B00008D8F /* SettingsTableViewCell.m */ = {isa = PBXFileReference; fileEncoding = 4; lastKnownFileType = sourcecode.c.objc; path = SettingsTableViewCell.m; sourceTree = "<group>"; };
		A934CE461A94269B00008D8F /* SettingsTableViewCell.xib */ = {isa = PBXFileReference; fileEncoding = 4; lastKnownFileType = file.xib; path = SettingsTableViewCell.xib; sourceTree = "<group>"; };
		A934CE491A94540500008D8F /* FB-f-Logo__blue_29.png */ = {isa = PBXFileReference; lastKnownFileType = image.png; path = "FB-f-Logo__blue_29.png"; sourceTree = "<group>"; };
		A934CE4B1A94543200008D8F /* FB-f-Logo__blue_50.png */ = {isa = PBXFileReference; lastKnownFileType = image.png; path = "FB-f-Logo__blue_50.png"; sourceTree = "<group>"; };
		A9891A571A9AC291001E6390 /* BeaconGrid.h */ = {isa = PBXFileReference; fileEncoding = 4; lastKnownFileType = sourcecode.c.h; path = BeaconGrid.h; sourceTree = "<group>"; };
		A9891A581A9AC291001E6390 /* BeaconGrid.m */ = {isa = PBXFileReference; fileEncoding = 4; lastKnownFileType = sourcecode.c.objc; path = BeaconGrid.m; sourceTree = "<group>"; };
		A9A410D61A9560910006C07A /* FriendsTableViewCell.h */ = {isa = PBXFileReference; fileEncoding = 4; lastKnownFileType = sourcecode.c.h; path = FriendsTableViewCell.h; sourceTree = "<group>"; };
		A9A410D71A9560910006C07A /* FriendsTableViewCell.m */ = {isa = PBXFileReference; fileEncoding = 4; lastKnownFileType = sourcecode.c.objc; path = FriendsTableViewCell.m; sourceTree = "<group>"; };
		A9A410D81A9560910006C07A /* FriendsTableViewCell.xib */ = {isa = PBXFileReference; fileEncoding = 4; lastKnownFileType = file.xib; path = FriendsTableViewCell.xib; sourceTree = "<group>"; };
		A9A4D1C51A9669D000DD1ABA /* AppSharedModel.h */ = {isa = PBXFileReference; fileEncoding = 4; lastKnownFileType = sourcecode.c.h; path = AppSharedModel.h; sourceTree = "<group>"; };
		A9A4D1C61A9669D000DD1ABA /* AppSharedModel.m */ = {isa = PBXFileReference; fileEncoding = 4; lastKnownFileType = sourcecode.c.objc; path = AppSharedModel.m; sourceTree = "<group>"; };
		A9A4D1C81A96A1FF00DD1ABA /* Friend.h */ = {isa = PBXFileReference; fileEncoding = 4; lastKnownFileType = sourcecode.c.h; path = Friend.h; sourceTree = "<group>"; };
		A9A4D1C91A96A1FF00DD1ABA /* Friend.m */ = {isa = PBXFileReference; fileEncoding = 4; lastKnownFileType = sourcecode.c.objc; path = Friend.m; sourceTree = "<group>"; };
		A9A4D1CB1A96AA4A00DD1ABA /* forward-32.png */ = {isa = PBXFileReference; lastKnownFileType = image.png; path = "forward-32.png"; sourceTree = "<group>"; };
		A9A4D1CD1A96AB0F00DD1ABA /* FriendDetailViewController.h */ = {isa = PBXFileReference; fileEncoding = 4; lastKnownFileType = sourcecode.c.h; path = FriendDetailViewController.h; sourceTree = "<group>"; };
		A9A4D1CE1A96AB0F00DD1ABA /* FriendDetailViewController.m */ = {isa = PBXFileReference; fileEncoding = 4; lastKnownFileType = sourcecode.c.objc; path = FriendDetailViewController.m; sourceTree = "<group>"; };
		A9A4D1CF1A96AB0F00DD1ABA /* FriendDetailViewController.xib */ = {isa = PBXFileReference; fileEncoding = 4; lastKnownFileType = file.xib; path = FriendDetailViewController.xib; sourceTree = "<group>"; };
		A9C61FB91A9813B000C41477 /* MultiplePulsingHaloLayer.h */ = {isa = PBXFileReference; fileEncoding = 4; lastKnownFileType = sourcecode.c.h; path = MultiplePulsingHaloLayer.h; sourceTree = "<group>"; };
		A9C61FBA1A9813B000C41477 /* MultiplePulsingHaloLayer.m */ = {isa = PBXFileReference; fileEncoding = 4; lastKnownFileType = sourcecode.c.objc; path = MultiplePulsingHaloLayer.m; sourceTree = "<group>"; };
		A9C61FBB1A9813B000C41477 /* PulsingHaloLayer.h */ = {isa = PBXFileReference; fileEncoding = 4; lastKnownFileType = sourcecode.c.h; path = PulsingHaloLayer.h; sourceTree = "<group>"; };
		A9C61FBC1A9813B000C41477 /* PulsingHaloLayer.m */ = {isa = PBXFileReference; fileEncoding = 4; lastKnownFileType = sourcecode.c.objc; path = PulsingHaloLayer.m; sourceTree = "<group>"; };
		A9C61FBF1A981C2C00C41477 /* QuartzCore.framework */ = {isa = PBXFileReference; lastKnownFileType = wrapper.framework; name = QuartzCore.framework; path = System/Library/Frameworks/QuartzCore.framework; sourceTree = SDKROOT; };
		A9C61FC11A981C7800C41477 /* CoreGraphics.framework */ = {isa = PBXFileReference; lastKnownFileType = wrapper.framework; name = CoreGraphics.framework; path = System/Library/Frameworks/CoreGraphics.framework; sourceTree = SDKROOT; };
		A9C61FC31A981C8200C41477 /* UIKit.framework */ = {isa = PBXFileReference; lastKnownFileType = wrapper.framework; name = UIKit.framework; path = System/Library/Frameworks/UIKit.framework; sourceTree = SDKROOT; };
		A9C61FC61A9901D400C41477 /* Foundation.framework */ = {isa = PBXFileReference; lastKnownFileType = wrapper.framework; name = Foundation.framework; path = System/Library/Frameworks/Foundation.framework; sourceTree = SDKROOT; };
		A9C61FC81A9919A400C41477 /* FlashingDot.h */ = {isa = PBXFileReference; fileEncoding = 4; lastKnownFileType = sourcecode.c.h; path = FlashingDot.h; sourceTree = "<group>"; };
		A9C61FC91A9919A400C41477 /* FlashingDot.m */ = {isa = PBXFileReference; fileEncoding = 4; lastKnownFileType = sourcecode.c.objc; path = FlashingDot.m; sourceTree = "<group>"; };
/* End PBXFileReference section */

/* Begin PBXFrameworksBuildPhase section */
		A934CDF41A93E79400008D8F /* Frameworks */ = {
			isa = PBXFrameworksBuildPhase;
			buildActionMask = 2147483647;
			files = (
				A9C61FC71A9901D400C41477 /* Foundation.framework in Frameworks */,
				A9C61FC41A981C8200C41477 /* UIKit.framework in Frameworks */,
				A9C61FC21A981C7800C41477 /* CoreGraphics.framework in Frameworks */,
				A9C61FC01A981C2C00C41477 /* QuartzCore.framework in Frameworks */,
				A934CE381A94130400008D8F /* SystemConfiguration.framework in Frameworks */,
				A934CE241A93EAD800008D8F /* CoreLocation.framework in Frameworks */,
				A934CE271A93EB1400008D8F /* FacebookSDK.framework in Frameworks */,
			);
			runOnlyForDeploymentPostprocessing = 0;
		};
		A934CE101A93E79400008D8F /* Frameworks */ = {
			isa = PBXFrameworksBuildPhase;
			buildActionMask = 2147483647;
			files = (
			);
			runOnlyForDeploymentPostprocessing = 0;
		};
/* End PBXFrameworksBuildPhase section */

/* Begin PBXGroup section */
		A934CDEE1A93E79400008D8F = {
			isa = PBXGroup;
			children = (
				A934CE391A94137100008D8F /* Classes */,
				A934CE281A93EC3200008D8F /* UIElements */,
				A934CDF91A93E79400008D8F /* crowdlink */,
				A934CE161A93E79400008D8F /* crowdlinkTests */,
				A934CDF81A93E79400008D8F /* Products */,
				A934CE251A93EADE00008D8F /* Frameworks */,
			);
			sourceTree = "<group>";
		};
		A934CDF81A93E79400008D8F /* Products */ = {
			isa = PBXGroup;
			children = (
				A934CDF71A93E79400008D8F /* crowdlink.app */,
				A934CE131A93E79400008D8F /* crowdlinkTests.xctest */,
			);
			name = Products;
			sourceTree = "<group>";
		};
		A934CDF91A93E79400008D8F /* crowdlink */ = {
			isa = PBXGroup;
			children = (
				A934CDFE1A93E79400008D8F /* AppDelegate.h */,
				A934CDFF1A93E79400008D8F /* AppDelegate.m */,
				A934CE041A93E79400008D8F /* ViewController.h */,
				A934CE051A93E79400008D8F /* ViewController.m */,
				A934CE071A93E79400008D8F /* Main.storyboard */,
				A934CE0A1A93E79400008D8F /* Images.xcassets */,
				A934CE0C1A93E79400008D8F /* LaunchScreen.xib */,
				A934CE011A93E79400008D8F /* crowdlink.xcdatamodeld */,
				A934CDFA1A93E79400008D8F /* Supporting Files */,
				A934CE331A93F68600008D8F /* Images */,
			);
			path = crowdlink;
			sourceTree = "<group>";
		};
		A934CDFA1A93E79400008D8F /* Supporting Files */ = {
			isa = PBXGroup;
			children = (
				A934CDFB1A93E79400008D8F /* Info.plist */,
				A934CDFC1A93E79400008D8F /* main.m */,
				A934CE361A93F96500008D8F /* Constants.h */,
			);
			name = "Supporting Files";
			sourceTree = "<group>";
		};
		A934CE161A93E79400008D8F /* crowdlinkTests */ = {
			isa = PBXGroup;
			children = (
				A934CE191A93E79400008D8F /* crowdlinkTests.m */,
				A934CE171A93E79400008D8F /* Supporting Files */,
			);
			path = crowdlinkTests;
			sourceTree = "<group>";
		};
		A934CE171A93E79400008D8F /* Supporting Files */ = {
			isa = PBXGroup;
			children = (
				A934CE181A93E79400008D8F /* Info.plist */,
			);
			name = "Supporting Files";
			sourceTree = "<group>";
		};
		A934CE251A93EADE00008D8F /* Frameworks */ = {
			isa = PBXGroup;
			children = (
				A9C61FC61A9901D400C41477 /* Foundation.framework */,
				A9C61FC31A981C8200C41477 /* UIKit.framework */,
				A9C61FC11A981C7800C41477 /* CoreGraphics.framework */,
				A9C61FBF1A981C2C00C41477 /* QuartzCore.framework */,
				A934CE371A94130400008D8F /* SystemConfiguration.framework */,
				A934CE261A93EB1400008D8F /* FacebookSDK.framework */,
				A934CE231A93EAD800008D8F /* CoreLocation.framework */,
			);
			name = Frameworks;
			sourceTree = "<group>";
		};
		A934CE281A93EC3200008D8F /* UIElements */ = {
			isa = PBXGroup;
			children = (
				A934CE291A93EC7700008D8F /* LoginViewController.h */,
				A934CE2A1A93EC7700008D8F /* LoginViewController.m */,
				A934CE2B1A93EC7700008D8F /* LoginViewController.xib */,
				A934CE2E1A93F3D700008D8F /* FriendsTableViewController.h */,
				A934CE2F1A93F3D700008D8F /* FriendsTableViewController.m */,
				A934CE301A93F3D700008D8F /* FriendsTableViewController.xib */,
				A934CE3D1A941A7B00008D8F /* SettingsTableViewController.h */,
				A934CE3E1A941A7B00008D8F /* SettingsTableViewController.m */,
				A934CE3F1A941A7B00008D8F /* SettingsTableViewController.xib */,
				A934CE441A94269B00008D8F /* SettingsTableViewCell.h */,
				A934CE451A94269B00008D8F /* SettingsTableViewCell.m */,
				A934CE461A94269B00008D8F /* SettingsTableViewCell.xib */,
				A9A410D61A9560910006C07A /* FriendsTableViewCell.h */,
				A9A410D71A9560910006C07A /* FriendsTableViewCell.m */,
				A9A410D81A9560910006C07A /* FriendsTableViewCell.xib */,
				A9A4D1CD1A96AB0F00DD1ABA /* FriendDetailViewController.h */,
				A9A4D1CE1A96AB0F00DD1ABA /* FriendDetailViewController.m */,
				A9A4D1CF1A96AB0F00DD1ABA /* FriendDetailViewController.xib */,
			);
			name = UIElements;
			sourceTree = "<group>";
		};
		A934CE331A93F68600008D8F /* Images */ = {
			isa = PBXGroup;
			children = (
				A9A4D1CB1A96AA4A00DD1ABA /* forward-32.png */,
				A934CE4B1A94543200008D8F /* FB-f-Logo__blue_50.png */,
				A934CE491A94540500008D8F /* FB-f-Logo__blue_29.png */,
				A934CE421A941D5400008D8F /* settings3-32.png */,
				A934CE341A93F6F100008D8F /* conference-32.png */,
			);
			name = Images;
			path = ..;
			sourceTree = "<group>";
		};
		A934CE391A94137100008D8F /* Classes */ = {
			isa = PBXGroup;
			children = (
				A9C61FB81A9813B000C41477 /* PulsingHalo */,
				A934CE3A1A94139200008D8F /* Reachability.h */,
				A934CE3B1A94139200008D8F /* Reachability.m */,
				A9A4D1C51A9669D000DD1ABA /* AppSharedModel.h */,
				A9A4D1C61A9669D000DD1ABA /* AppSharedModel.m */,
				A9A4D1C81A96A1FF00DD1ABA /* Friend.h */,
				A9A4D1C91A96A1FF00DD1ABA /* Friend.m */,
				A9C61FC81A9919A400C41477 /* FlashingDot.h */,
				A9C61FC91A9919A400C41477 /* FlashingDot.m */,
				A9891A571A9AC291001E6390 /* BeaconGrid.h */,
				A9891A581A9AC291001E6390 /* BeaconGrid.m */,
			);
			name = Classes;
			sourceTree = "<group>";
		};
		A9C61FB81A9813B000C41477 /* PulsingHalo */ = {
			isa = PBXGroup;
			children = (
				A9C61FB91A9813B000C41477 /* MultiplePulsingHaloLayer.h */,
				A9C61FBA1A9813B000C41477 /* MultiplePulsingHaloLayer.m */,
				A9C61FBB1A9813B000C41477 /* PulsingHaloLayer.h */,
				A9C61FBC1A9813B000C41477 /* PulsingHaloLayer.m */,
			);
			path = PulsingHalo;
			sourceTree = "<group>";
		};
/* End PBXGroup section */

/* Begin PBXNativeTarget section */
		A934CDF61A93E79400008D8F /* crowdlink */ = {
			isa = PBXNativeTarget;
			buildConfigurationList = A934CE1D1A93E79400008D8F /* Build configuration list for PBXNativeTarget "crowdlink" */;
			buildPhases = (
				A934CDF31A93E79400008D8F /* Sources */,
				A934CDF41A93E79400008D8F /* Frameworks */,
				A934CDF51A93E79400008D8F /* Resources */,
			);
			buildRules = (
			);
			dependencies = (
			);
			name = crowdlink;
			productName = crowdlink;
			productReference = A934CDF71A93E79400008D8F /* crowdlink.app */;
			productType = "com.apple.product-type.application";
		};
		A934CE121A93E79400008D8F /* crowdlinkTests */ = {
			isa = PBXNativeTarget;
			buildConfigurationList = A934CE201A93E79400008D8F /* Build configuration list for PBXNativeTarget "crowdlinkTests" */;
			buildPhases = (
				A934CE0F1A93E79400008D8F /* Sources */,
				A934CE101A93E79400008D8F /* Frameworks */,
				A934CE111A93E79400008D8F /* Resources */,
			);
			buildRules = (
			);
			dependencies = (
				A934CE151A93E79400008D8F /* PBXTargetDependency */,
			);
			name = crowdlinkTests;
			productName = crowdlinkTests;
			productReference = A934CE131A93E79400008D8F /* crowdlinkTests.xctest */;
			productType = "com.apple.product-type.bundle.unit-test";
		};
/* End PBXNativeTarget section */

/* Begin PBXProject section */
		A934CDEF1A93E79400008D8F /* Project object */ = {
			isa = PBXProject;
			attributes = {
				LastUpgradeCheck = 0610;
				ORGANIZATIONNAME = Loudsoftware;
				TargetAttributes = {
					A934CDF61A93E79400008D8F = {
						CreatedOnToolsVersion = 6.1.1;
					};
					A934CE121A93E79400008D8F = {
						CreatedOnToolsVersion = 6.1.1;
						TestTargetID = A934CDF61A93E79400008D8F;
					};
				};
			};
			buildConfigurationList = A934CDF21A93E79400008D8F /* Build configuration list for PBXProject "crowdlink" */;
			compatibilityVersion = "Xcode 3.2";
			developmentRegion = English;
			hasScannedForEncodings = 0;
			knownRegions = (
				en,
				Base,
			);
			mainGroup = A934CDEE1A93E79400008D8F;
			productRefGroup = A934CDF81A93E79400008D8F /* Products */;
			projectDirPath = "";
			projectRoot = "";
			targets = (
				A934CDF61A93E79400008D8F /* crowdlink */,
				A934CE121A93E79400008D8F /* crowdlinkTests */,
			);
		};
/* End PBXProject section */

/* Begin PBXResourcesBuildPhase section */
		A934CDF51A93E79400008D8F /* Resources */ = {
			isa = PBXResourcesBuildPhase;
			buildActionMask = 2147483647;
			files = (
				A934CE4C1A94543200008D8F /* FB-f-Logo__blue_50.png in Resources */,
				A934CE351A93F6F100008D8F /* conference-32.png in Resources */,
				A934CE431A941D5400008D8F /* settings3-32.png in Resources */,
				A934CE2D1A93EC7700008D8F /* LoginViewController.xib in Resources */,
				A934CE481A94269B00008D8F /* SettingsTableViewCell.xib in Resources */,
				A934CE091A93E79400008D8F /* Main.storyboard in Resources */,
				A9A4D1CC1A96AA4A00DD1ABA /* forward-32.png in Resources */,
				A934CE321A93F3D700008D8F /* FriendsTableViewController.xib in Resources */,
				A934CE411A941A7B00008D8F /* SettingsTableViewController.xib in Resources */,
				A934CE0E1A93E79400008D8F /* LaunchScreen.xib in Resources */,
				A934CE4A1A94540500008D8F /* FB-f-Logo__blue_29.png in Resources */,
				A934CE0B1A93E79400008D8F /* Images.xcassets in Resources */,
				A9A410DA1A9560910006C07A /* FriendsTableViewCell.xib in Resources */,
				A9A4D1D11A96AB0F00DD1ABA /* FriendDetailViewController.xib in Resources */,
			);
			runOnlyForDeploymentPostprocessing = 0;
		};
		A934CE111A93E79400008D8F /* Resources */ = {
			isa = PBXResourcesBuildPhase;
			buildActionMask = 2147483647;
			files = (
			);
			runOnlyForDeploymentPostprocessing = 0;
		};
/* End PBXResourcesBuildPhase section */

/* Begin PBXSourcesBuildPhase section */
		A934CDF31A93E79400008D8F /* Sources */ = {
			isa = PBXSourcesBuildPhase;
			buildActionMask = 2147483647;
			files = (
				A9C61FBE1A9813B000C41477 /* PulsingHaloLayer.m in Sources */,
				A934CE401A941A7B00008D8F /* SettingsTableViewController.m in Sources */,
				A9A410D91A9560910006C07A /* FriendsTableViewCell.m in Sources */,
				A9A4D1D01A96AB0F00DD1ABA /* FriendDetailViewController.m in Sources */,
				A934CE031A93E79400008D8F /* crowdlink.xcdatamodeld in Sources */,
				A9891A591A9AC291001E6390 /* BeaconGrid.m in Sources */,
				A9C61FBD1A9813B000C41477 /* MultiplePulsingHaloLayer.m in Sources */,
				A9A4D1CA1A96A1FF00DD1ABA /* Friend.m in Sources */,
				A9A4D1C71A9669D000DD1ABA /* AppSharedModel.m in Sources */,
				A934CE001A93E79400008D8F /* AppDelegate.m in Sources */,
				A934CE061A93E79400008D8F /* ViewController.m in Sources */,
				A934CE3C1A94139200008D8F /* Reachability.m in Sources */,
				A9C61FCA1A9919A400C41477 /* FlashingDot.m in Sources */,
				A934CE471A94269B00008D8F /* SettingsTableViewCell.m in Sources */,
				A934CE311A93F3D700008D8F /* FriendsTableViewController.m in Sources */,
				A934CDFD1A93E79400008D8F /* main.m in Sources */,
				A934CE2C1A93EC7700008D8F /* LoginViewController.m in Sources */,
			);
			runOnlyForDeploymentPostprocessing = 0;
		};
		A934CE0F1A93E79400008D8F /* Sources */ = {
			isa = PBXSourcesBuildPhase;
			buildActionMask = 2147483647;
			files = (
				A934CE1A1A93E79400008D8F /* crowdlinkTests.m in Sources */,
			);
			runOnlyForDeploymentPostprocessing = 0;
		};
/* End PBXSourcesBuildPhase section */

/* Begin PBXTargetDependency section */
		A934CE151A93E79400008D8F /* PBXTargetDependency */ = {
			isa = PBXTargetDependency;
			target = A934CDF61A93E79400008D8F /* crowdlink */;
			targetProxy = A934CE141A93E79400008D8F /* PBXContainerItemProxy */;
		};
/* End PBXTargetDependency section */

/* Begin PBXVariantGroup section */
		A934CE071A93E79400008D8F /* Main.storyboard */ = {
			isa = PBXVariantGroup;
			children = (
				A934CE081A93E79400008D8F /* Base */,
			);
			name = Main.storyboard;
			sourceTree = "<group>";
		};
		A934CE0C1A93E79400008D8F /* LaunchScreen.xib */ = {
			isa = PBXVariantGroup;
			children = (
				A934CE0D1A93E79400008D8F /* Base */,
			);
			name = LaunchScreen.xib;
			sourceTree = "<group>";
		};
/* End PBXVariantGroup section */

/* Begin XCBuildConfiguration section */
		A934CE1B1A93E79400008D8F /* Debug */ = {
			isa = XCBuildConfiguration;
			buildSettings = {
				ALWAYS_SEARCH_USER_PATHS = NO;
				CLANG_CXX_LANGUAGE_STANDARD = "gnu++0x";
				CLANG_CXX_LIBRARY = "libc++";
				CLANG_ENABLE_MODULES = YES;
				CLANG_ENABLE_OBJC_ARC = YES;
				CLANG_WARN_BOOL_CONVERSION = YES;
				CLANG_WARN_CONSTANT_CONVERSION = YES;
				CLANG_WARN_DIRECT_OBJC_ISA_USAGE = YES_ERROR;
				CLANG_WARN_EMPTY_BODY = YES;
				CLANG_WARN_ENUM_CONVERSION = YES;
				CLANG_WARN_INT_CONVERSION = YES;
				CLANG_WARN_OBJC_ROOT_CLASS = YES_ERROR;
				CLANG_WARN_UNREACHABLE_CODE = YES;
				CLANG_WARN__DUPLICATE_METHOD_MATCH = YES;
				"CODE_SIGN_IDENTITY[sdk=iphoneos*]" = "iPhone Developer";
				COPY_PHASE_STRIP = NO;
				ENABLE_STRICT_OBJC_MSGSEND = YES;
				GCC_C_LANGUAGE_STANDARD = gnu99;
				GCC_DYNAMIC_NO_PIC = NO;
				GCC_OPTIMIZATION_LEVEL = 0;
				GCC_PREPROCESSOR_DEFINITIONS = (
					"DEBUG=1",
					"$(inherited)",
				);
				GCC_SYMBOLS_PRIVATE_EXTERN = NO;
				GCC_WARN_64_TO_32_BIT_CONVERSION = YES;
				GCC_WARN_ABOUT_RETURN_TYPE = YES_ERROR;
				GCC_WARN_UNDECLARED_SELECTOR = YES;
				GCC_WARN_UNINITIALIZED_AUTOS = YES_AGGRESSIVE;
				GCC_WARN_UNUSED_FUNCTION = YES;
				GCC_WARN_UNUSED_VARIABLE = YES;
				IPHONEOS_DEPLOYMENT_TARGET = 8.1;
				MTL_ENABLE_DEBUG_INFO = YES;
				ONLY_ACTIVE_ARCH = YES;
				SDKROOT = iphoneos;
				TARGETED_DEVICE_FAMILY = "1,2";
			};
			name = Debug;
		};
		A934CE1C1A93E79400008D8F /* Release */ = {
			isa = XCBuildConfiguration;
			buildSettings = {
				ALWAYS_SEARCH_USER_PATHS = NO;
				CLANG_CXX_LANGUAGE_STANDARD = "gnu++0x";
				CLANG_CXX_LIBRARY = "libc++";
				CLANG_ENABLE_MODULES = YES;
				CLANG_ENABLE_OBJC_ARC = YES;
				CLANG_WARN_BOOL_CONVERSION = YES;
				CLANG_WARN_CONSTANT_CONVERSION = YES;
				CLANG_WARN_DIRECT_OBJC_ISA_USAGE = YES_ERROR;
				CLANG_WARN_EMPTY_BODY = YES;
				CLANG_WARN_ENUM_CONVERSION = YES;
				CLANG_WARN_INT_CONVERSION = YES;
				CLANG_WARN_OBJC_ROOT_CLASS = YES_ERROR;
				CLANG_WARN_UNREACHABLE_CODE = YES;
				CLANG_WARN__DUPLICATE_METHOD_MATCH = YES;
				"CODE_SIGN_IDENTITY[sdk=iphoneos*]" = "iPhone Developer";
				COPY_PHASE_STRIP = YES;
				ENABLE_NS_ASSERTIONS = NO;
				ENABLE_STRICT_OBJC_MSGSEND = YES;
				GCC_C_LANGUAGE_STANDARD = gnu99;
				GCC_WARN_64_TO_32_BIT_CONVERSION = YES;
				GCC_WARN_ABOUT_RETURN_TYPE = YES_ERROR;
				GCC_WARN_UNDECLARED_SELECTOR = YES;
				GCC_WARN_UNINITIALIZED_AUTOS = YES_AGGRESSIVE;
				GCC_WARN_UNUSED_FUNCTION = YES;
				GCC_WARN_UNUSED_VARIABLE = YES;
				IPHONEOS_DEPLOYMENT_TARGET = 8.1;
				MTL_ENABLE_DEBUG_INFO = NO;
				SDKROOT = iphoneos;
				TARGETED_DEVICE_FAMILY = "1,2";
				VALIDATE_PRODUCT = YES;
			};
			name = Release;
		};
		A934CE1E1A93E79400008D8F /* Debug */ = {
			isa = XCBuildConfiguration;
			buildSettings = {
				ASSETCATALOG_COMPILER_APPICON_NAME = AppIcon;
				FRAMEWORK_SEARCH_PATHS = (
					"$(inherited)",
					/Users/Bill/Documents/FacebookSDK,
				);
				INFOPLIST_FILE = crowdlink/Info.plist;
				IPHONEOS_DEPLOYMENT_TARGET = 7.0;
				LD_RUNPATH_SEARCH_PATHS = "$(inherited) @executable_path/Frameworks";
				PRODUCT_NAME = "$(TARGET_NAME)";
			};
			name = Debug;
		};
		A934CE1F1A93E79400008D8F /* Release */ = {
			isa = XCBuildConfiguration;
			buildSettings = {
				ASSETCATALOG_COMPILER_APPICON_NAME = AppIcon;
				FRAMEWORK_SEARCH_PATHS = (
					"$(inherited)",
					/Users/Bill/Documents/FacebookSDK,
				);
				INFOPLIST_FILE = crowdlink/Info.plist;
				IPHONEOS_DEPLOYMENT_TARGET = 7.0;
				LD_RUNPATH_SEARCH_PATHS = "$(inherited) @executable_path/Frameworks";
				PRODUCT_NAME = "$(TARGET_NAME)";
			};
			name = Release;
		};
		A934CE211A93E79400008D8F /* Debug */ = {
			isa = XCBuildConfiguration;
			buildSettings = {
				BUNDLE_LOADER = "$(TEST_HOST)";
				FRAMEWORK_SEARCH_PATHS = (
					"$(SDKROOT)/Developer/Library/Frameworks",
					"$(inherited)",
				);
				GCC_PREPROCESSOR_DEFINITIONS = (
					"DEBUG=1",
					"$(inherited)",
				);
				INFOPLIST_FILE = crowdlinkTests/Info.plist;
				LD_RUNPATH_SEARCH_PATHS = "$(inherited) @executable_path/Frameworks @loader_path/Frameworks";
				PRODUCT_NAME = "$(TARGET_NAME)";
				TEST_HOST = "$(BUILT_PRODUCTS_DIR)/crowdlink.app/crowdlink";
			};
			name = Debug;
		};
		A934CE221A93E79400008D8F /* Release */ = {
			isa = XCBuildConfiguration;
			buildSettings = {
				BUNDLE_LOADER = "$(TEST_HOST)";
				FRAMEWORK_SEARCH_PATHS = (
					"$(SDKROOT)/Developer/Library/Frameworks",
					"$(inherited)",
				);
				INFOPLIST_FILE = crowdlinkTests/Info.plist;
				LD_RUNPATH_SEARCH_PATHS = "$(inherited) @executable_path/Frameworks @loader_path/Frameworks";
				PRODUCT_NAME = "$(TARGET_NAME)";
				TEST_HOST = "$(BUILT_PRODUCTS_DIR)/crowdlink.app/crowdlink";
			};
			name = Release;
		};
/* End XCBuildConfiguration section */

/* Begin XCConfigurationList section */
		A934CDF21A93E79400008D8F /* Build configuration list for PBXProject "crowdlink" */ = {
			isa = XCConfigurationList;
			buildConfigurations = (
				A934CE1B1A93E79400008D8F /* Debug */,
				A934CE1C1A93E79400008D8F /* Release */,
			);
			defaultConfigurationIsVisible = 0;
			defaultConfigurationName = Release;
		};
		A934CE1D1A93E79400008D8F /* Build configuration list for PBXNativeTarget "crowdlink" */ = {
			isa = XCConfigurationList;
			buildConfigurations = (
				A934CE1E1A93E79400008D8F /* Debug */,
				A934CE1F1A93E79400008D8F /* Release */,
			);
			defaultConfigurationIsVisible = 0;
			defaultConfigurationName = Release;
		};
		A934CE201A93E79400008D8F /* Build configuration list for PBXNativeTarget "crowdlinkTests" */ = {
			isa = XCConfigurationList;
			buildConfigurations = (
				A934CE211A93E79400008D8F /* Debug */,
				A934CE221A93E79400008D8F /* Release */,
			);
			defaultConfigurationIsVisible = 0;
			defaultConfigurationName = Release;
		};
/* End XCConfigurationList section */

/* Begin XCVersionGroup section */
		A934CE011A93E79400008D8F /* crowdlink.xcdatamodeld */ = {
			isa = XCVersionGroup;
			children = (
				A934CE021A93E79400008D8F /* crowdlink.xcdatamodel */,
			);
			currentVersion = A934CE021A93E79400008D8F /* crowdlink.xcdatamodel */;
			path = crowdlink.xcdatamodeld;
			sourceTree = "<group>";
			versionGroupType = wrapper.xcdatamodel;
		};
/* End XCVersionGroup section */
	};
	rootObject = A934CDEF1A93E79400008D8F /* Project object */;
}
